
Microsoft Visual Studio Solution File, Format Version 12.00
# Visual Studio Version 17
VisualStudioVersion = 17.9.34723.18
MinimumVisualStudioVersion = 10.0.40219.1
Project("{FAE04EC0-301F-11D3-BF4B-00C04F79EFBC}") = "CallOfDuty", "CallOfDuty\CallOfDuty.csproj", "{8B76DF39-3882-40D5-B790-D1E3A4090B90}"
EndProject
Project("{FAE04EC0-301F-11D3-BF4B-00C04F79EFBC}") = "CallOfDuty.Tests", "CallOfDuty.Tests\CallOfDuty.Tests.csproj", "{08BFFDA3-210D-4A81-8326-7B37E1D006C7}"
EndProject
Global
	GlobalSection(SolutionConfigurationPlatforms) = preSolution
		Debug|Any CPU = Debug|Any CPU
		Release|Any CPU = Release|Any CPU
	EndGlobalSection
	GlobalSection(ProjectConfigurationPlatforms) = postSolution
		{8B76DF39-3882-40D5-B790-D1E3A4090B90}.Debug|Any CPU.ActiveCfg = Debug|Any CPU
		{8B76DF39-3882-40D5-B790-D1E3A4090B90}.Debug|Any CPU.Build.0 = Debug|Any CPU
		{8B76DF39-3882-40D5-B790-D1E3A4090B90}.Release|Any CPU.ActiveCfg = Release|Any CPU
		{8B76DF39-3882-40D5-B790-D1E3A4090B90}.Release|Any CPU.Build.0 = Release|Any CPU
		{08BFFDA3-210D-4A81-8326-7B37E1D006C7}.Debug|Any CPU.ActiveCfg = Debug|Any CPU
		{08BFFDA3-210D-4A81-8326-7B37E1D006C7}.Debug|Any CPU.Build.0 = Debug|Any CPU
		{08BFFDA3-210D-4A81-8326-7B37E1D006C7}.Release|Any CPU.ActiveCfg = Release|Any CPU
		{08BFFDA3-210D-4A81-8326-7B37E1D006C7}.Release|Any CPU.Build.0 = Release|Any CPU
	EndGlobalSection
	GlobalSection(SolutionProperties) = preSolution
		HideSolutionNode = FALSE
	EndGlobalSection
	GlobalSection(ExtensibilityGlobals) = postSolution
		SolutionGuid = {F8020B49-9D0F-40DC-9B81-01D4EBA8DC85}
	EndGlobalSection
EndGlobal
